
Microsoft Visual Studio Solution File, Format Version 12.00
# Visual Studio Version 16
VisualStudioVersion = 16.0.30320.27
MinimumVisualStudioVersion = 10.0.40219.1
Project("{9A19103F-16F7-4668-BE54-9A1E7A4F7556}") = "CSharpExperiments", "ConsoleApp1\CSharpExperiments.csproj", "{75773AC7-D9B4-4806-8D3A-8797ACF9EC26}"
EndProject
Global
	GlobalSection(SolutionConfigurationPlatforms) = preSolution
		Debug|Any CPU = Debug|Any CPU
		Release|Any CPU = Release|Any CPU
	EndGlobalSection
	GlobalSection(ProjectConfigurationPlatforms) = postSolution
		{75773AC7-D9B4-4806-8D3A-8797ACF9EC26}.Debug|Any CPU.ActiveCfg = Debug|Any CPU
		{75773AC7-D9B4-4806-8D3A-8797ACF9EC26}.Debug|Any CPU.Build.0 = Debug|Any CPU
		{75773AC7-D9B4-4806-8D3A-8797ACF9EC26}.Release|Any CPU.ActiveCfg = Release|Any CPU
		{75773AC7-D9B4-4806-8D3A-8797ACF9EC26}.Release|Any CPU.Build.0 = Release|Any CPU
	EndGlobalSection
	GlobalSection(SolutionProperties) = preSolution
		HideSolutionNode = FALSE
	EndGlobalSection
	GlobalSection(ExtensibilityGlobals) = postSolution
		SolutionGuid = {830D6258-22E0-4149-B6FA-94DA2C26D3BF}
	EndGlobalSection
EndGlobal
